
Microsoft Visual Studio Solution File, Format Version 12.00
# Visual Studio Version 16
VisualStudioVersion = 16.0.30907.101
MinimumVisualStudioVersion = 10.0.40219.1
Project("{9A19103F-16F7-4668-BE54-9A1E7A4F7556}") = "Business", "Business\Business.csproj", "{C2C04F0A-709B-41F7-8664-A4E13ECA96AE}"
EndProject
Project("{9A19103F-16F7-4668-BE54-9A1E7A4F7556}") = "DataAccess", "DataAccess\DataAccess.csproj", "{AEEA5F39-B2B7-450C-88F1-47D46EE018D9}"
EndProject
Project("{9A19103F-16F7-4668-BE54-9A1E7A4F7556}") = "Entities", "Entities\Entities.csproj", "{10A43B9F-779D-46FB-96B4-F5D541442875}"
EndProject
Project("{9A19103F-16F7-4668-BE54-9A1E7A4F7556}") = "ConsoleUI", "ConsoleUI\ConsoleUI.csproj", "{806DE0D9-8E33-4FEB-A072-8E6CF83680DF}"
EndProject
Project("{FAE04EC0-301F-11D3-BF4B-00C04F79EFBC}") = "Core", "Core\Core.csproj", "{36B4A1B0-DBFE-47A6-BA79-509530B6F46B}"
EndProject
Global
	GlobalSection(SolutionConfigurationPlatforms) = preSolution
		Debug|Any CPU = Debug|Any CPU
		Release|Any CPU = Release|Any CPU
	EndGlobalSection
	GlobalSection(ProjectConfigurationPlatforms) = postSolution
		{C2C04F0A-709B-41F7-8664-A4E13ECA96AE}.Debug|Any CPU.ActiveCfg = Debug|Any CPU
		{C2C04F0A-709B-41F7-8664-A4E13ECA96AE}.Debug|Any CPU.Build.0 = Debug|Any CPU
		{C2C04F0A-709B-41F7-8664-A4E13ECA96AE}.Release|Any CPU.ActiveCfg = Release|Any CPU
		{C2C04F0A-709B-41F7-8664-A4E13ECA96AE}.Release|Any CPU.Build.0 = Release|Any CPU
		{AEEA5F39-B2B7-450C-88F1-47D46EE018D9}.Debug|Any CPU.ActiveCfg = Debug|Any CPU
		{AEEA5F39-B2B7-450C-88F1-47D46EE018D9}.Debug|Any CPU.Build.0 = Debug|Any CPU
		{AEEA5F39-B2B7-450C-88F1-47D46EE018D9}.Release|Any CPU.ActiveCfg = Release|Any CPU
		{AEEA5F39-B2B7-450C-88F1-47D46EE018D9}.Release|Any CPU.Build.0 = Release|Any CPU
		{10A43B9F-779D-46FB-96B4-F5D541442875}.Debug|Any CPU.ActiveCfg = Debug|Any CPU
		{10A43B9F-779D-46FB-96B4-F5D541442875}.Debug|Any CPU.Build.0 = Debug|Any CPU
		{10A43B9F-779D-46FB-96B4-F5D541442875}.Release|Any CPU.ActiveCfg = Release|Any CPU
		{10A43B9F-779D-46FB-96B4-F5D541442875}.Release|Any CPU.Build.0 = Release|Any CPU
		{806DE0D9-8E33-4FEB-A072-8E6CF83680DF}.Debug|Any CPU.ActiveCfg = Debug|Any CPU
		{806DE0D9-8E33-4FEB-A072-8E6CF83680DF}.Debug|Any CPU.Build.0 = Debug|Any CPU
		{806DE0D9-8E33-4FEB-A072-8E6CF83680DF}.Release|Any CPU.ActiveCfg = Release|Any CPU
		{806DE0D9-8E33-4FEB-A072-8E6CF83680DF}.Release|Any CPU.Build.0 = Release|Any CPU
		{36B4A1B0-DBFE-47A6-BA79-509530B6F46B}.Debug|Any CPU.ActiveCfg = Debug|Any CPU
		{36B4A1B0-DBFE-47A6-BA79-509530B6F46B}.Debug|Any CPU.Build.0 = Debug|Any CPU
		{36B4A1B0-DBFE-47A6-BA79-509530B6F46B}.Release|Any CPU.ActiveCfg = Release|Any CPU
		{36B4A1B0-DBFE-47A6-BA79-509530B6F46B}.Release|Any CPU.Build.0 = Release|Any CPU
	EndGlobalSection
	GlobalSection(SolutionProperties) = preSolution
		HideSolutionNode = FALSE
	EndGlobalSection
	GlobalSection(ExtensibilityGlobals) = postSolution
		SolutionGuid = {55230C36-BE84-47D3-A301-C5BD11DA3C85}
	EndGlobalSection
EndGlobal
